Microsoft Visual Studio Solution File, Format Version 12.00
# Visual Studio 15
VisualStudioVersion = 15.0.26403.7
MinimumVisualStudioVersion = 15.0.26124.0
Project("{9A19103F-16F7-4668-BE54-9A1E7A4F7556}") = "ASC.Web", "ASC.Web\ASC.Web.csproj", "{C0044951-5888-4F67-B2A7-CA6EE89529B3}"
EndProject
Project("{FAE04EC0-301F-11D3-BF4B-00C04F79EFBC}") = "ASC.DataAccess", "ACS.DataAccess\ASC.DataAccess.csproj", "{21F089BA-A3DD-4971-A651-6507DAD1BFF1}"
EndProject
Project("{FAE04EC0-301F-11D3-BF4B-00C04F79EFBC}") = "ASC.Models", "ACS.Models\ASC.Models.csproj", "{B72E0B10-F505-4657-85F0-6A483AE6DF7E}"
EndProject
Project("{FAE04EC0-301F-11D3-BF4B-00C04F79EFBC}") = "ASC.Utilities", "ACS.Utilities\ASC.Utilities.csproj", "{90829379-8689-49B4-A921-013AD45E6949}"
EndProject
Project("{FAE04EC0-301F-11D3-BF4B-00C04F79EFBC}") = "ASC.Tests", "ASC.Tests\ASC.Tests.csproj", "{D92D1F65-3E04-4AE5-B399-6132716EBD30}"
EndProject
Project("{FAE04EC0-301F-11D3-BF4B-00C04F79EFBC}") = "ASC.Business", "ASC.Business\ASC.Business.csproj", "{95B40949-5A65-4F14-8D14-D1349CAFB438}"
EndProject
Global
	GlobalSection(SolutionConfigurationPlatforms) = preSolution
		Debug|Any CPU = Debug|Any CPU
		Debug|x64 = Debug|x64
		Debug|x86 = Debug|x86
		Release|Any CPU = Release|Any CPU
		Release|x64 = Release|x64
		Release|x86 = Release|x86
	EndGlobalSection
	GlobalSection(ProjectConfigurationPlatforms) = postSolution
		{C0044951-5888-4F67-B2A7-CA6EE89529B3}.Debug|Any CPU.ActiveCfg = Debug|Any CPU
		{C0044951-5888-4F67-B2A7-CA6EE89529B3}.Debug|Any CPU.Build.0 = Debug|Any CPU
		{C0044951-5888-4F67-B2A7-CA6EE89529B3}.Debug|x64.ActiveCfg = Debug|Any CPU
		{C0044951-5888-4F67-B2A7-CA6EE89529B3}.Debug|x64.Build.0 = Debug|Any CPU
		{C0044951-5888-4F67-B2A7-CA6EE89529B3}.Debug|x86.ActiveCfg = Debug|Any CPU
		{C0044951-5888-4F67-B2A7-CA6EE89529B3}.Debug|x86.Build.0 = Debug|Any CPU
		{C0044951-5888-4F67-B2A7-CA6EE89529B3}.Release|Any CPU.ActiveCfg = Release|Any CPU
		{C0044951-5888-4F67-B2A7-CA6EE89529B3}.Release|Any CPU.Build.0 = Release|Any CPU
		{C0044951-5888-4F67-B2A7-CA6EE89529B3}.Release|x64.ActiveCfg = Release|Any CPU
		{C0044951-5888-4F67-B2A7-CA6EE89529B3}.Release|x64.Build.0 = Release|Any CPU
		{C0044951-5888-4F67-B2A7-CA6EE89529B3}.Release|x86.ActiveCfg = Release|Any CPU
		{C0044951-5888-4F67-B2A7-CA6EE89529B3}.Release|x86.Build.0 = Release|Any CPU
		{21F089BA-A3DD-4971-A651-6507DAD1BFF1}.Debug|Any CPU.ActiveCfg = Debug|Any CPU
		{21F089BA-A3DD-4971-A651-6507DAD1BFF1}.Debug|Any CPU.Build.0 = Debug|Any CPU
		{21F089BA-A3DD-4971-A651-6507DAD1BFF1}.Debug|x64.ActiveCfg = Debug|Any CPU
		{21F089BA-A3DD-4971-A651-6507DAD1BFF1}.Debug|x64.Build.0 = Debug|Any CPU
		{21F089BA-A3DD-4971-A651-6507DAD1BFF1}.Debug|x86.ActiveCfg = Debug|Any CPU
		{21F089BA-A3DD-4971-A651-6507DAD1BFF1}.Debug|x86.Build.0 = Debug|Any CPU
		{21F089BA-A3DD-4971-A651-6507DAD1BFF1}.Release|Any CPU.ActiveCfg = Release|Any CPU
		{21F089BA-A3DD-4971-A651-6507DAD1BFF1}.Release|Any CPU.Build.0 = Release|Any CPU
		{21F089BA-A3DD-4971-A651-6507DAD1BFF1}.Release|x64.ActiveCfg = Release|Any CPU
		{21F089BA-A3DD-4971-A651-6507DAD1BFF1}.Release|x64.Build.0 = Release|Any CPU
		{21F089BA-A3DD-4971-A651-6507DAD1BFF1}.Release|x86.ActiveCfg = Release|Any CPU
		{21F089BA-A3DD-4971-A651-6507DAD1BFF1}.Release|x86.Build.0 = Release|Any CPU
		{B72E0B10-F505-4657-85F0-6A483AE6DF7E}.Debug|Any CPU.ActiveCfg = Debug|Any CPU
		{B72E0B10-F505-4657-85F0-6A483AE6DF7E}.Debug|Any CPU.Build.0 = Debug|Any CPU
		{B72E0B10-F505-4657-85F0-6A483AE6DF7E}.Debug|x64.ActiveCfg = Debug|Any CPU
		{B72E0B10-F505-4657-85F0-6A483AE6DF7E}.Debug|x64.Build.0 = Debug|Any CPU
		{B72E0B10-F505-4657-85F0-6A483AE6DF7E}.Debug|x86.ActiveCfg = Debug|Any CPU
		{B72E0B10-F505-4657-85F0-6A483AE6DF7E}.Debug|x86.Build.0 = Debug|Any CPU
		{B72E0B10-F505-4657-85F0-6A483AE6DF7E}.Release|Any CPU.ActiveCfg = Release|Any CPU
		{B72E0B10-F505-4657-85F0-6A483AE6DF7E}.Release|Any CPU.Build.0 = Release|Any CPU
		{B72E0B10-F505-4657-85F0-6A483AE6DF7E}.Release|x64.ActiveCfg = Release|Any CPU
		{B72E0B10-F505-4657-85F0-6A483AE6DF7E}.Release|x64.Build.0 = Release|Any CPU
		{B72E0B10-F505-4657-85F0-6A483AE6DF7E}.Release|x86.ActiveCfg = Release|Any CPU
		{B72E0B10-F505-4657-85F0-6A483AE6DF7E}.Release|x86.Build.0 = Release|Any CPU
		{90829379-8689-49B4-A921-013AD45E6949}.Debug|Any CPU.ActiveCfg = Debug|Any CPU
		{90829379-8689-49B4-A921-013AD45E6949}.Debug|Any CPU.Build.0 = Debug|Any CPU
		{90829379-8689-49B4-A921-013AD45E6949}.Debug|x64.ActiveCfg = Debug|Any CPU
		{90829379-8689-49B4-A921-013AD45E6949}.Debug|x64.Build.0 = Debug|Any CPU
		{90829379-8689-49B4-A921-013AD45E6949}.Debug|x86.ActiveCfg = Debug|Any CPU
		{90829379-8689-49B4-A921-013AD45E6949}.Debug|x86.Build.0 = Debug|Any CPU
		{90829379-8689-49B4-A921-013AD45E6949}.Release|Any CPU.ActiveCfg = Release|Any CPU
		{90829379-8689-49B4-A921-013AD45E6949}.Release|Any CPU.Build.0 = Release|Any CPU
		{90829379-8689-49B4-A921-013AD45E6949}.Release|x64.ActiveCfg = Release|Any CPU
		{90829379-8689-49B4-A921-013AD45E6949}.Release|x64.Build.0 = Release|Any CPU
		{90829379-8689-49B4-A921-013AD45E6949}.Release|x86.ActiveCfg = Release|Any CPU
		{90829379-8689-49B4-A921-013AD45E6949}.Release|x86.Build.0 = Release|Any CPU
		{D92D1F65-3E04-4AE5-B399-6132716EBD30}.Debug|Any CPU.ActiveCfg = Debug|Any CPU
		{D92D1F65-3E04-4AE5-B399-6132716EBD30}.Debug|Any CPU.Build.0 = Debug|Any CPU
		{D92D1F65-3E04-4AE5-B399-6132716EBD30}.Debug|x64.ActiveCfg = Debug|Any CPU
		{D92D1F65-3E04-4AE5-B399-6132716EBD30}.Debug|x64.Build.0 = Debug|Any CPU
		{D92D1F65-3E04-4AE5-B399-6132716EBD30}.Debug|x86.ActiveCfg = Debug|Any CPU
		{D92D1F65-3E04-4AE5-B399-6132716EBD30}.Debug|x86.Build.0 = Debug|Any CPU
		{D92D1F65-3E04-4AE5-B399-6132716EBD30}.Release|Any CPU.ActiveCfg = Release|Any CPU
		{D92D1F65-3E04-4AE5-B399-6132716EBD30}.Release|Any CPU.Build.0 = Release|Any CPU
		{D92D1F65-3E04-4AE5-B399-6132716EBD30}.Release|x64.ActiveCfg = Release|Any CPU
		{D92D1F65-3E04-4AE5-B399-6132716EBD30}.Release|x64.Build.0 = Release|Any CPU
		{D92D1F65-3E04-4AE5-B399-6132716EBD30}.Release|x86.ActiveCfg = Release|Any CPU
		{D92D1F65-3E04-4AE5-B399-6132716EBD30}.Release|x86.Build.0 = Release|Any CPU
		{95B40949-5A65-4F14-8D14-D1349CAFB438}.Debug|Any CPU.ActiveCfg = Debug|Any CPU
		{95B40949-5A65-4F14-8D14-D1349CAFB438}.Debug|Any CPU.Build.0 = Debug|Any CPU
		{95B40949-5A65-4F14-8D14-D1349CAFB438}.Debug|x64.ActiveCfg = Debug|Any CPU
		{95B40949-5A65-4F14-8D14-D1349CAFB438}.Debug|x64.Build.0 = Debug|Any CPU
		{95B40949-5A65-4F14-8D14-D1349CAFB438}.Debug|x86.ActiveCfg = Debug|Any CPU
		{95B40949-5A65-4F14-8D14-D1349CAFB438}.Debug|x86.Build.0 = Debug|Any CPU
		{95B40949-5A65-4F14-8D14-D1349CAFB438}.Release|Any CPU.ActiveCfg = Release|Any CPU
		{95B40949-5A65-4F14-8D14-D1349CAFB438}.Release|Any CPU.Build.0 = Release|Any CPU
		{95B40949-5A65-4F14-8D14-D1349CAFB438}.Release|x64.ActiveCfg = Release|Any CPU
		{95B40949-5A65-4F14-8D14-D1349CAFB438}.Release|x64.Build.0 = Release|Any CPU
		{95B40949-5A65-4F14-8D14-D1349CAFB438}.Release|x86.ActiveCfg = Release|Any CPU
		{95B40949-5A65-4F14-8D14-D1349CAFB438}.Release|x86.Build.0 = Release|Any CPU
	EndGlobalSection
	GlobalSection(SolutionProperties) = preSolution
		HideSolutionNode = FALSE
	EndGlobalSection
EndGlobal
